
Microsoft Visual Studio Solution File, Format Version 12.00
# Visual Studio Version 17
VisualStudioVersion = 17.12.35527.113
MinimumVisualStudioVersion = 10.0.40219.1
Project("{FAE04EC0-301F-11D3-BF4B-00C04F79EFBC}") = "LeanXP.Server", "LeanXP.Server\LeanXP.Server.csproj", "{54CF1D42-E785-4BDF-A1E8-F13208B6BB5A}"
EndProject
Project("{54A90642-561A-4BB1-A94E-469ADEE60C69}") = "leanxp.client", "leanxp.client\leanxp.client.esproj", "{368C4954-0115-4C96-AEEA-553724A71737}"
EndProject
Project("{2150E333-8FDC-42A3-9474-1A3956D46DE8}") = "Solution Items", "Solution Items", "{8CD5801C-A55A-438B-89BA-A24A2FBA52FE}"
	ProjectSection(SolutionItems) = preProject
		.gitignore = .gitignore
	EndProjectSection
EndProject
Global
	GlobalSection(SolutionConfigurationPlatforms) = preSolution
		Debug|Any CPU = Debug|Any CPU
		Release|Any CPU = Release|Any CPU
	EndGlobalSection
	GlobalSection(ProjectConfigurationPlatforms) = postSolution
		{54CF1D42-E785-4BDF-A1E8-F13208B6BB5A}.Debug|Any CPU.ActiveCfg = Debug|Any CPU
		{54CF1D42-E785-4BDF-A1E8-F13208B6BB5A}.Debug|Any CPU.Build.0 = Debug|Any CPU
		{54CF1D42-E785-4BDF-A1E8-F13208B6BB5A}.Release|Any CPU.ActiveCfg = Release|Any CPU
		{54CF1D42-E785-4BDF-A1E8-F13208B6BB5A}.Release|Any CPU.Build.0 = Release|Any CPU
		{368C4954-0115-4C96-AEEA-553724A71737}.Debug|Any CPU.ActiveCfg = Debug|Any CPU
		{368C4954-0115-4C96-AEEA-553724A71737}.Debug|Any CPU.Build.0 = Debug|Any CPU
		{368C4954-0115-4C96-AEEA-553724A71737}.Debug|Any CPU.Deploy.0 = Debug|Any CPU
		{368C4954-0115-4C96-AEEA-553724A71737}.Release|Any CPU.ActiveCfg = Release|Any CPU
		{368C4954-0115-4C96-AEEA-553724A71737}.Release|Any CPU.Build.0 = Release|Any CPU
		{368C4954-0115-4C96-AEEA-553724A71737}.Release|Any CPU.Deploy.0 = Release|Any CPU
	EndGlobalSection
	GlobalSection(SolutionProperties) = preSolution
		HideSolutionNode = FALSE
	EndGlobalSection
EndGlobal
